Microsoft Visual Studio Solution File, Format Version 12.00
# Visual Studio Version 17
VisualStudioVersion = 17.13.35806.99
MinimumVisualStudioVersion = 10.0.40219.1
Project("{FAE04EC0-301F-11D3-BF4B-00C04F79EFBC}") = "Ap_project", "Ap_project.csproj", "{13929E28-9A7B-4B8D-AF13-4CA383BE55EB}"
EndProject
Global
	GlobalSection(SolutionConfigurationPlatforms) = preSolution
		Debug|Any CPU = Debug|Any CPU
		Release|Any CPU = Release|Any CPU
	EndGlobalSection
	GlobalSection(ProjectConfigurationPlatforms) = postSolution
		{13929E28-9A7B-4B8D-AF13-4CA383BE55EB}.Debug|Any CPU.ActiveCfg = Debug|Any CPU
		{13929E28-9A7B-4B8D-AF13-4CA383BE55EB}.Debug|Any CPU.Build.0 = Debug|Any CPU
		{13929E28-9A7B-4B8D-AF13-4CA383BE55EB}.Release|Any CPU.ActiveCfg = Release|Any CPU
		{13929E28-9A7B-4B8D-AF13-4CA383BE55EB}.Release|Any CPU.Build.0 = Release|Any CPU
	EndGlobalSection
	GlobalSection(SolutionProperties) = preSolution
		HideSolutionNode = FALSE
	EndGlobalSection
	GlobalSection(ExtensibilityGlobals) = postSolution
		SolutionGuid = {C67D35B7-0ED9-4853-AB86-E8D131884885}
	EndGlobalSection
EndGlobal
